# THIS IS AN AUTOGENERATED FILE. DO NOT EDIT THIS FILE DIRECTLY.
# yarn lockfile v1


"@figma/plugin-typings@^1.33.0":
  version "1.33.0"
  resolved "https://registry.yarnpkg.com/@figma/plugin-typings/-/plugin-typings-1.33.0.tgz#dd9d22aaec1126b6cba73079c9d0da8e2de890c4"
  integrity sha512-k0YazDJqo5daYznnH+PKJJ32MGv8ftimFp1x+flH4k4lFwtH8UQ/tUGFBClZHDXZWX3rdr1GvUzhbUMdZhN3ug==
